
Microsoft Visual Studio Solution File, Format Version 12.00
# Visual Studio 15
VisualStudioVersion = 15.0.28307.136
MinimumVisualStudioVersion = 10.0.40219.1
Project("{FAE04EC0-301F-11D3-BF4B-00C04F79EFBC}") = "KBMain", "KBMain\KBMain.csproj", "{F12D3016-CC8C-4368-8949-0906BF5E58B3}"
EndProject
Global
	GlobalSection(SolutionConfigurationPlatforms) = preSolution
		Debug|Any CPU = Debug|Any CPU
		Release|Any CPU = Release|Any CPU
	EndGlobalSection
	GlobalSection(ProjectConfigurationPlatforms) = postSolution
		{F12D3016-CC8C-4368-8949-0906BF5E58B3}.Debug|Any CPU.ActiveCfg = Debug|Any CPU
		{F12D3016-CC8C-4368-8949-0906BF5E58B3}.Debug|Any CPU.Build.0 = Debug|Any CPU
		{F12D3016-CC8C-4368-8949-0906BF5E58B3}.Release|Any CPU.ActiveCfg = Release|Any CPU
		{F12D3016-CC8C-4368-8949-0906BF5E58B3}.Release|Any CPU.Build.0 = Release|Any CPU
	EndGlobalSection
	GlobalSection(SolutionProperties) = preSolution
		HideSolutionNode = FALSE
	EndGlobalSection
	GlobalSection(ExtensibilityGlobals) = postSolution
		SolutionGuid = {EEE06364-3F09-46CF-B98F-C230ACD812E5}
	EndGlobalSection
EndGlobal
